
Microsoft Visual Studio Solution File, Format Version 12.00
# Visual Studio Version 16
VisualStudioVersion = 16.0.30104.148
MinimumVisualStudioVersion = 10.0.40219.1
Project("{FAE04EC0-301F-11D3-BF4B-00C04F79EFBC}") = "WindowsFormsReFactory", "WindowsFormsReFactory\WindowsFormsReFactory.csproj", "{69FF0702-4EF6-490B-A66D-73D2BFC61B0F}"
EndProject
Project("{FAE04EC0-301F-11D3-BF4B-00C04F79EFBC}") = "WindowsFormsReFactoryTests", "WindowsFormsReFactoryTests\WindowsFormsReFactoryTests.csproj", "{84A0D2D4-F3D3-480A-A134-9C5CC981F36F}"
EndProject
Global
	GlobalSection(SolutionConfigurationPlatforms) = preSolution
		Debug|Any CPU = Debug|Any CPU
		Release|Any CPU = Release|Any CPU
	EndGlobalSection
	GlobalSection(ProjectConfigurationPlatforms) = postSolution
		{69FF0702-4EF6-490B-A66D-73D2BFC61B0F}.Debug|Any CPU.ActiveCfg = Debug|Any CPU
		{69FF0702-4EF6-490B-A66D-73D2BFC61B0F}.Debug|Any CPU.Build.0 = Debug|Any CPU
		{69FF0702-4EF6-490B-A66D-73D2BFC61B0F}.Release|Any CPU.ActiveCfg = Release|Any CPU
		{69FF0702-4EF6-490B-A66D-73D2BFC61B0F}.Release|Any CPU.Build.0 = Release|Any CPU
		{84A0D2D4-F3D3-480A-A134-9C5CC981F36F}.Debug|Any CPU.ActiveCfg = Debug|Any CPU
		{84A0D2D4-F3D3-480A-A134-9C5CC981F36F}.Debug|Any CPU.Build.0 = Debug|Any CPU
		{84A0D2D4-F3D3-480A-A134-9C5CC981F36F}.Release|Any CPU.ActiveCfg = Release|Any CPU
		{84A0D2D4-F3D3-480A-A134-9C5CC981F36F}.Release|Any CPU.Build.0 = Release|Any CPU
	EndGlobalSection
	GlobalSection(SolutionProperties) = preSolution
		HideSolutionNode = FALSE
	EndGlobalSection
	GlobalSection(ExtensibilityGlobals) = postSolution
		SolutionGuid = {7A86CF0E-ED44-4FC0-9BE6-AF830BE637A7}
	EndGlobalSection
EndGlobal
